
Microsoft Visual Studio Solution File, Format Version 12.00
# Visual Studio 15
VisualStudioVersion = 15.0.26124.0
MinimumVisualStudioVersion = 15.0.26124.0
Project("{9A19103F-16F7-4668-BE54-9A1E7A4F7556}") = "MoneroClient", "MoneroClient\MoneroClient.csproj", "{B05C6B60-70F1-45D7-B461-816362C2752F}"
EndProject
Project("{9A19103F-16F7-4668-BE54-9A1E7A4F7556}") = "MoneroWalletNotifier", "MoneroWalletNotifier\MoneroWalletNotifier.csproj", "{FF3BA0CB-ED6F-4799-BD89-8685FCEAE0A8}"
EndProject
Project("{9A19103F-16F7-4668-BE54-9A1E7A4F7556}") = "MoneroWalletNotifier.Test", "MoneroWalletNotifier.Test\MoneroWalletNotifier.Test.csproj", "{70B9B6EB-6FFF-45CB-94D1-9B9AF959113D}"
EndProject
Project("{9A19103F-16F7-4668-BE54-9A1E7A4F7556}") = "MoneroInteractive.WebApp", "MoneroInteractive.WebApp\MoneroInteractive.WebApp.csproj", "{6A32BECA-0860-4035-9D0E-DD7C18E9E2D2}"
EndProject
Global
	GlobalSection(SolutionConfigurationPlatforms) = preSolution
		Debug|Any CPU = Debug|Any CPU
		Debug|x64 = Debug|x64
		Debug|x86 = Debug|x86
		Release|Any CPU = Release|Any CPU
		Release|x64 = Release|x64
		Release|x86 = Release|x86
	EndGlobalSection
	GlobalSection(ProjectConfigurationPlatforms) = postSolution
		{B05C6B60-70F1-45D7-B461-816362C2752F}.Debug|Any CPU.ActiveCfg = Debug|Any CPU
		{B05C6B60-70F1-45D7-B461-816362C2752F}.Debug|Any CPU.Build.0 = Debug|Any CPU
		{B05C6B60-70F1-45D7-B461-816362C2752F}.Debug|x64.ActiveCfg = Debug|Any CPU
		{B05C6B60-70F1-45D7-B461-816362C2752F}.Debug|x64.Build.0 = Debug|Any CPU
		{B05C6B60-70F1-45D7-B461-816362C2752F}.Debug|x86.ActiveCfg = Debug|Any CPU
		{B05C6B60-70F1-45D7-B461-816362C2752F}.Debug|x86.Build.0 = Debug|Any CPU
		{B05C6B60-70F1-45D7-B461-816362C2752F}.Release|Any CPU.ActiveCfg = Release|Any CPU
		{B05C6B60-70F1-45D7-B461-816362C2752F}.Release|Any CPU.Build.0 = Release|Any CPU
		{B05C6B60-70F1-45D7-B461-816362C2752F}.Release|x64.ActiveCfg = Release|Any CPU
		{B05C6B60-70F1-45D7-B461-816362C2752F}.Release|x64.Build.0 = Release|Any CPU
		{B05C6B60-70F1-45D7-B461-816362C2752F}.Release|x86.ActiveCfg = Release|Any CPU
		{B05C6B60-70F1-45D7-B461-816362C2752F}.Release|x86.Build.0 = Release|Any CPU
		{FF3BA0CB-ED6F-4799-BD89-8685FCEAE0A8}.Debug|Any CPU.ActiveCfg = Debug|Any CPU
		{FF3BA0CB-ED6F-4799-BD89-8685FCEAE0A8}.Debug|Any CPU.Build.0 = Debug|Any CPU
		{FF3BA0CB-ED6F-4799-BD89-8685FCEAE0A8}.Debug|x64.ActiveCfg = Debug|Any CPU
		{FF3BA0CB-ED6F-4799-BD89-8685FCEAE0A8}.Debug|x64.Build.0 = Debug|Any CPU
		{FF3BA0CB-ED6F-4799-BD89-8685FCEAE0A8}.Debug|x86.ActiveCfg = Debug|Any CPU
		{FF3BA0CB-ED6F-4799-BD89-8685FCEAE0A8}.Debug|x86.Build.0 = Debug|Any CPU
		{FF3BA0CB-ED6F-4799-BD89-8685FCEAE0A8}.Release|Any CPU.ActiveCfg = Release|Any CPU
		{FF3BA0CB-ED6F-4799-BD89-8685FCEAE0A8}.Release|Any CPU.Build.0 = Release|Any CPU
		{FF3BA0CB-ED6F-4799-BD89-8685FCEAE0A8}.Release|x64.ActiveCfg = Release|Any CPU
		{FF3BA0CB-ED6F-4799-BD89-8685FCEAE0A8}.Release|x64.Build.0 = Release|Any CPU
		{FF3BA0CB-ED6F-4799-BD89-8685FCEAE0A8}.Release|x86.ActiveCfg = Release|Any CPU
		{FF3BA0CB-ED6F-4799-BD89-8685FCEAE0A8}.Release|x86.Build.0 = Release|Any CPU
		{70B9B6EB-6FFF-45CB-94D1-9B9AF959113D}.Debug|Any CPU.ActiveCfg = Debug|Any CPU
		{70B9B6EB-6FFF-45CB-94D1-9B9AF959113D}.Debug|Any CPU.Build.0 = Debug|Any CPU
		{70B9B6EB-6FFF-45CB-94D1-9B9AF959113D}.Debug|x64.ActiveCfg = Debug|Any CPU
		{70B9B6EB-6FFF-45CB-94D1-9B9AF959113D}.Debug|x64.Build.0 = Debug|Any CPU
		{70B9B6EB-6FFF-45CB-94D1-9B9AF959113D}.Debug|x86.ActiveCfg = Debug|Any CPU
		{70B9B6EB-6FFF-45CB-94D1-9B9AF959113D}.Debug|x86.Build.0 = Debug|Any CPU
		{70B9B6EB-6FFF-45CB-94D1-9B9AF959113D}.Release|Any CPU.ActiveCfg = Release|Any CPU
		{70B9B6EB-6FFF-45CB-94D1-9B9AF959113D}.Release|Any CPU.Build.0 = Release|Any CPU
		{70B9B6EB-6FFF-45CB-94D1-9B9AF959113D}.Release|x64.ActiveCfg = Release|Any CPU
		{70B9B6EB-6FFF-45CB-94D1-9B9AF959113D}.Release|x64.Build.0 = Release|Any CPU
		{70B9B6EB-6FFF-45CB-94D1-9B9AF959113D}.Release|x86.ActiveCfg = Release|Any CPU
		{70B9B6EB-6FFF-45CB-94D1-9B9AF959113D}.Release|x86.Build.0 = Release|Any CPU
		{6A32BECA-0860-4035-9D0E-DD7C18E9E2D2}.Debug|Any CPU.ActiveCfg = Debug|Any CPU
		{6A32BECA-0860-4035-9D0E-DD7C18E9E2D2}.Debug|Any CPU.Build.0 = Debug|Any CPU
		{6A32BECA-0860-4035-9D0E-DD7C18E9E2D2}.Debug|x64.ActiveCfg = Debug|Any CPU
		{6A32BECA-0860-4035-9D0E-DD7C18E9E2D2}.Debug|x64.Build.0 = Debug|Any CPU
		{6A32BECA-0860-4035-9D0E-DD7C18E9E2D2}.Debug|x86.ActiveCfg = Debug|Any CPU
		{6A32BECA-0860-4035-9D0E-DD7C18E9E2D2}.Debug|x86.Build.0 = Debug|Any CPU
		{6A32BECA-0860-4035-9D0E-DD7C18E9E2D2}.Release|Any CPU.ActiveCfg = Release|Any CPU
		{6A32BECA-0860-4035-9D0E-DD7C18E9E2D2}.Release|Any CPU.Build.0 = Release|Any CPU
		{6A32BECA-0860-4035-9D0E-DD7C18E9E2D2}.Release|x64.ActiveCfg = Release|Any CPU
		{6A32BECA-0860-4035-9D0E-DD7C18E9E2D2}.Release|x64.Build.0 = Release|Any CPU
		{6A32BECA-0860-4035-9D0E-DD7C18E9E2D2}.Release|x86.ActiveCfg = Release|Any CPU
		{6A32BECA-0860-4035-9D0E-DD7C18E9E2D2}.Release|x86.Build.0 = Release|Any CPU
	EndGlobalSection
	GlobalSection(SolutionProperties) = preSolution
		HideSolutionNode = FALSE
	EndGlobalSection
	GlobalSection(ExtensibilityGlobals) = postSolution
		SolutionGuid = {6136A834-B653-4E49-AD79-2322B8FB38B8}
	EndGlobalSection
EndGlobal
